
Microsoft Visual Studio Solution File, Format Version 12.00
# Visual Studio 15
VisualStudioVersion = 15.0.27703.2047
MinimumVisualStudioVersion = 10.0.40219.1
Project("{FAE04EC0-301F-11D3-BF4B-00C04F79EFBC}") = "плеер", "плеер\плеер.csproj", "{981AD6EE-3F86-47AD-BCD1-A9057476612F}"
EndProject
Global
	GlobalSection(SolutionConfigurationPlatforms) = preSolution
		Debug|Any CPU = Debug|Any CPU
		Release|Any CPU = Release|Any CPU
	EndGlobalSection
	GlobalSection(ProjectConfigurationPlatforms) = postSolution
		{981AD6EE-3F86-47AD-BCD1-A9057476612F}.Debug|Any CPU.ActiveCfg = Debug|Any CPU
		{981AD6EE-3F86-47AD-BCD1-A9057476612F}.Debug|Any CPU.Build.0 = Debug|Any CPU
		{981AD6EE-3F86-47AD-BCD1-A9057476612F}.Release|Any CPU.ActiveCfg = Release|Any CPU
		{981AD6EE-3F86-47AD-BCD1-A9057476612F}.Release|Any CPU.Build.0 = Release|Any CPU
	EndGlobalSection
	GlobalSection(SolutionProperties) = preSolution
		HideSolutionNode = FALSE
	EndGlobalSection
	GlobalSection(ExtensibilityGlobals) = postSolution
		SolutionGuid = {978CD0E9-B218-4571-97A2-7283313B3D48}
	EndGlobalSection
EndGlobal
